
Microsoft Visual Studio Solution File, Format Version 12.00
# Visual Studio Version 17
VisualStudioVersion = 17.4.33110.190
MinimumVisualStudioVersion = 10.0.40219.1
Project("{FAE04EC0-301F-11D3-BF4B-00C04F79EFBC}") = "BeerDB", "BeerDB.csproj", "{D88407FE-F8C6-4406-B93A-DADE52B00B92}"
EndProject
Global
	GlobalSection(SolutionConfigurationPlatforms) = preSolution
		Debug|Any CPU = Debug|Any CPU
		Release|Any CPU = Release|Any CPU
	EndGlobalSection
	GlobalSection(ProjectConfigurationPlatforms) = postSolution
		{D88407FE-F8C6-4406-B93A-DADE52B00B92}.Debug|Any CPU.ActiveCfg = Debug|Any CPU
		{D88407FE-F8C6-4406-B93A-DADE52B00B92}.Debug|Any CPU.Build.0 = Debug|Any CPU
		{D88407FE-F8C6-4406-B93A-DADE52B00B92}.Release|Any CPU.ActiveCfg = Release|Any CPU
		{D88407FE-F8C6-4406-B93A-DADE52B00B92}.Release|Any CPU.Build.0 = Release|Any CPU
	EndGlobalSection
	GlobalSection(SolutionProperties) = preSolution
		HideSolutionNode = FALSE
	EndGlobalSection
	GlobalSection(ExtensibilityGlobals) = postSolution
		SolutionGuid = {266F4B99-76E0-484A-9965-4CA3FB9C2963}
	EndGlobalSection
EndGlobal
